GEM
  remote: https://rubygems.org/
  specs:
    activejob (8.1.2)
      activesupport (= 8.1.2)
      globalid (>= 0.3.6)
    activemodel (8.1.2)
      activesupport (= 8.1.2)
    activerecord (8.1.2)
      activemodel (= 8.1.2)
      activesupport (= 8.1.2)
      timeout (>= 0.4.0)
    activerecord-simple_index_name (1.1.2)
      activerecord (>= 5.0.0)
      activesupport (>= 5.0.0)
    activesupport (8.1.2)
      base64
      bigdecimal
      concurrent-ruby (~> 1.0, >= 1.3.1)
      connection_pool (>= 2.2.5)
      drb
      i18n (>= 1.6, < 2)
      json
      logger (>= 1.4.2)
      minitest (>= 5.1)
      securerandom (>= 0.3)
      tzinfo (~> 2.0, >= 2.0.5)
      uri (>= 0.13.1)
    acts_as_paranoid (0.11.0)
      activerecord (>= 6.1, < 8.2)
      activesupport (>= 6.1, < 8.2)
    addressable (2.8.8)
      public_suffix (>= 2.0.2, < 8.0)
    base64 (0.3.0)
    bigdecimal (4.0.1)
    bundler-audit (0.9.3)
      bundler (>= 1.2.0)
      thor (~> 1.0)
    concurrent-ruby (1.3.6)
    connection_pool (3.0.2)
    cronex (0.15.0)
      tzinfo
      unicode (>= 0.4.4.5)
    database_rewinder (1.1.0)
    diff-lcs (1.6.2)
    drb (2.2.3)
    et-orbi (1.4.0)
      tzinfo
    faraday (2.14.1)
      faraday-net_http (>= 2.0, < 3.5)
      json
      logger
    faraday-net_http (3.4.2)
      net-http (~> 0.5)
    fugit (1.12.1)
      et-orbi (~> 1.4)
      raabro (~> 1.4)
    gemnasium-parser (0.1.9)
    globalid (1.3.0)
      activesupport (>= 6.1)
    hashie (5.1.0)
      logger
    i18n (1.14.8)
      concurrent-ruby (~> 1.0)
    json (2.18.1)
    jwt (3.1.2)
      base64
    logger (1.7.0)
    minitest (6.0.1)
      prism (~> 1.5)
    multi_json (1.19.1)
    multi_xml (0.8.1)
      bigdecimal (>= 3.1, < 5)
    mustermann (3.0.4)
      ruby2_keywords (~> 0.0.1)
    net-http (0.9.1)
      uri (>= 0.11.1)
    nio4r (2.7.5)
    oauth2 (2.0.18)
      faraday (>= 0.17.3, < 4.0)
      jwt (>= 1.0, < 4.0)
      logger (~> 1.2)
      multi_xml (~> 0.5)
      rack (>= 1.2, < 4)
      snaky_hash (~> 2.0, >= 2.0.3)
      version_gem (~> 1.1, >= 1.1.9)
    octokit (10.0.0)
      faraday (>= 1, < 3)
      sawyer (~> 0.9)
    omniauth (2.1.4)
      hashie (>= 3.4.6)
      logger
      rack (>= 2.2.3)
      rack-protection
    omniauth-github (2.0.1)
      omniauth (~> 2.0)
      omniauth-oauth2 (~> 1.8)
    omniauth-oauth2 (1.9.0)
      oauth2 (>= 2.0.2, < 3)
      omniauth (~> 2.0)
    prism (1.8.0)
    public_suffix (7.0.2)
    puma (7.2.0)
      nio4r (~> 2.0)
    raabro (1.4.0)
    rack (3.2.4)
    rack-protection (4.2.1)
      base64 (>= 0.1.0)
      logger (>= 1.6.0)
      rack (>= 3.0.0, < 4)
    rack-session (2.1.1)
      base64 (>= 0.1.0)
      rack (>= 3.0.0)
    rack-test (2.2.0)
      rack (>= 1.3)
    rackup (2.3.1)
      rack (>= 3)
    rake (13.3.1)
    redis (5.4.1)
      redis-client (>= 0.22.0)
    redis-client (0.26.3)
      connection_pool
    rspec (3.13.2)
      rspec-core (~> 3.13.0)
      rspec-expectations (~> 3.13.0)
      rspec-mocks (~> 3.13.0)
    rspec-core (3.13.6)
      rspec-support (~> 3.13.0)
    rspec-expectations (3.13.5)
      diff-lcs (>= 1.2.0, < 2.0)
      rspec-support (~> 3.13.0)
    rspec-mocks (3.13.7)
      diff-lcs (>= 1.2.0, < 2.0)
      rspec-support (~> 3.13.0)
    rspec-request_describer (0.8.0)
    rspec-support (3.13.6)
    ruby2_keywords (0.0.5)
    sawyer (0.9.3)
      addressable (>= 2.3.5)
      faraday (>= 0.17.3, < 3)
    securerandom (0.4.1)
    sidekiq (8.1.0)
      connection_pool (>= 3.0.0)
      json (>= 2.16.0)
      logger (>= 1.7.0)
      rack (>= 3.2.0)
      redis-client (>= 0.26.0)
    sidekiq-cron (2.3.1)
      cronex (>= 0.13.0)
      fugit (~> 1.8, >= 1.11.1)
      globalid (>= 1.0.1)
      sidekiq (>= 6.5.0)
    sinatra (4.2.1)
      logger (>= 1.6.0)
      mustermann (~> 3.0)
      rack (>= 3.0.0, < 4)
      rack-protection (= 4.2.1)
      rack-session (>= 2.0.0, < 3)
      tilt (~> 2.0)
    sinatra-activerecord (2.0.28)
      activerecord (>= 4.1)
      sinatra (>= 1.0)
    sinatra-contrib (4.2.1)
      multi_json (>= 0.0.2)
      mustermann (~> 3.0)
      rack-protection (= 4.2.1)
      sinatra (= 4.2.1)
      tilt (~> 2.0)
    sinatra-flash (0.3.0)
      sinatra (>= 1.0.0)
    snaky_hash (2.0.3)
      hashie (>= 0.1.0, < 6)
      version_gem (>= 1.1.8, < 3)
    thor (1.5.0)
    tilt (2.7.0)
    timeout (0.6.0)
    trilogy (2.10.0)
      bigdecimal
    tzinfo (2.0.6)
      concurrent-ruby (~> 1.0)
    unicode (0.4.4.5)
    uri (1.1.1)
    version_gem (1.1.9)

PLATFORMS
  ruby

DEPENDENCIES
  activejob
  activerecord
  activerecord-simple_index_name
  acts_as_paranoid
  bundler-audit
  database_rewinder
  gemnasium-parser
  i18n
  octokit
  omniauth
  omniauth-github
  puma
  rack-test
  rackup
  rake
  redis
  rspec
  rspec-request_describer
  sidekiq
  sidekiq-cron
  sinatra
  sinatra-activerecord
  sinatra-contrib
  sinatra-flash
  trilogy

CHECKSUMS
  activejob (8.1.2) sha256=908dab3713b101859536375819f4156b07bdf4c232cc645e7538adb9e302f825
  activemodel (8.1.2) sha256=e21358c11ce68aed3f9838b7e464977bc007b4446c6e4059781e1d5c03bcf33e
  activerecord (8.1.2) sha256=acfbe0cadfcc50fa208011fe6f4eb01cae682ebae0ef57145ba45380c74bcc44
  activerecord-simple_index_name (1.1.2) sha256=dabbd3a25580ede8d7cd7a00ebc6ae185c6b5793b62c14ed10beead91c27da0d
  activesupport (8.1.2) sha256=88842578ccd0d40f658289b0e8c842acfe9af751afee2e0744a7873f50b6fdae
  acts_as_paranoid (0.11.0) sha256=8fae9e408f739d8ad840b02dde18beb364a897f6b57ee25ef1c52efa8bc906db
  addressable (2.8.8) sha256=7c13b8f9536cf6364c03b9d417c19986019e28f7c00ac8132da4eb0fe393b057
  base64 (0.3.0) sha256=27337aeabad6ffae05c265c450490628ef3ebd4b67be58257393227588f5a97b
  bigdecimal (4.0.1) sha256=8b07d3d065a9f921c80ceaea7c9d4ae596697295b584c296fe599dd0ad01c4a7
  bundler-audit (0.9.3) sha256=81c8766c71e47d0d28a0f98c7eed028539f21a6ea3cd8f685eb6f42333c9b4e9
  concurrent-ruby (1.3.6) sha256=6b56837e1e7e5292f9864f34b69c5a2cbc75c0cf5338f1ce9903d10fa762d5ab
  connection_pool (3.0.2) sha256=33fff5ba71a12d2aa26cb72b1db8bba2a1a01823559fb01d29eb74c286e62e0a
  cronex (0.15.0) sha256=21c794e085fad2951c4f2e279f440340a35ba2297e0b738f22f263f69fbe2186
  database_rewinder (1.1.0) sha256=950398ba97bb20fb4653b6ee502a7d6658a6333a61d88ba756217f32bfa04510
  diff-lcs (1.6.2) sha256=9ae0d2cba7d4df3075fe8cd8602a8604993efc0dfa934cff568969efb1909962
  drb (2.2.3) sha256=0b00d6fdb50995fe4a45dea13663493c841112e4068656854646f418fda13373
  et-orbi (1.4.0) sha256=6c7e3c90779821f9e3b324c5e96fda9767f72995d6ae435b96678a4f3e2de8bc
  faraday (2.14.1) sha256=a43cceedc1e39d188f4d2cdd360a8aaa6a11da0c407052e426ba8d3fb42ef61c
  faraday-net_http (3.4.2) sha256=f147758260d3526939bf57ecf911682f94926a3666502e24c69992765875906c
  fugit (1.12.1) sha256=5898f478ede9b415f0804e42b8f3fd53f814bd85eebffceebdbc34e1107aaf68
  gemnasium-parser (0.1.9) sha256=95aac29c01d3ea0180cf503a0d59f39fa5c899015454a638dd5c5fd075690d13
  globalid (1.3.0) sha256=05c639ad6eb4594522a0b07983022f04aa7254626ab69445a0e493aa3786ff11
  hashie (5.1.0) sha256=c266471896f323c446ea8207f8ffac985d2718df0a0ba98651a3057096ca3870
  i18n (1.14.8) sha256=285778639134865c5e0f6269e0b818256017e8cde89993fdfcbfb64d088824a5
  json (2.18.1) sha256=fe112755501b8d0466b5ada6cf50c8c3f41e897fa128ac5d263ec09eedc9f986
  jwt (3.1.2) sha256=af6991f19a6bb4060d618d9add7a66f0eeb005ac0bc017cd01f63b42e122d535
  logger (1.7.0) sha256=196edec7cc44b66cfb40f9755ce11b392f21f7967696af15d274dde7edff0203
  minitest (6.0.1) sha256=7854c74f48e2e975969062833adc4013f249a4b212f5e7b9d5c040bf838d54bb
  multi_json (1.19.1) sha256=7aefeff8f2c854bf739931a238e4aea64592845e0c0395c8a7d2eea7fdd631b7
  multi_xml (0.8.1) sha256=addba0290bac34e9088bfe73dc4878530297a82a7bbd66cb44dcd0a4b86edf5a
  mustermann (3.0.4) sha256=85fadcb6b3c6493a8b511b42426f904b7f27b282835502233dd154daab13aa22
  net-http (0.9.1) sha256=25ba0b67c63e89df626ed8fac771d0ad24ad151a858af2cc8e6a716ca4336996
  nio4r (2.7.5) sha256=6c90168e48fb5f8e768419c93abb94ba2b892a1d0602cb06eef16d8b7df1dca1
  oauth2 (2.0.18) sha256=bacf11e470dfb963f17348666d0a75c7b29ca65bc48fd47be9057cf91a403287
  octokit (10.0.0) sha256=82e99a539b7637b7e905e6d277bb0c1a4bed56735935cc33db6da7eae49a24e8
  omniauth (2.1.4) sha256=42a05b0496f0d22e1dd85d42aaf602f064e36bb47a6826a27ab55e5ba608763c
  omniauth-github (2.0.1) sha256=8ff8e70ac6d6db9d52485eef52cfa894938c941496e66b52b5e2773ade3ccad4
  omniauth-oauth2 (1.9.0) sha256=ed15f6d9d20991807ce114cc5b9c1453bce3645b64e51c68c90cff5ff153fee8
  prism (1.8.0) sha256=84453a16ef5530ea62c5f03ec16b52a459575ad4e7b9c2b360fd8ce2c39c1254
  public_suffix (7.0.2) sha256=9114090c8e4e7135c1fd0e7acfea33afaab38101884320c65aaa0ffb8e26a857
  puma (7.2.0) sha256=bf8ef4ab514a4e6d4554cb4326b2004eba5036ae05cf765cfe51aba9706a72a8
  raabro (1.4.0) sha256=d4fa9ff5172391edb92b242eed8be802d1934b1464061ae5e70d80962c5da882
  rack (3.2.4) sha256=5d74b6f75082a643f43c1e76b419c40f0e5527fcfee1e669ac1e6b73c0ccb6f6
  rack-protection (4.2.1) sha256=cf6e2842df8c55f5e4d1a4be015e603e19e9bc3a7178bae58949ccbb58558bac
  rack-session (2.1.1) sha256=0b6dc07dea7e4b583f58a48e8b806d4c9f1c6c9214ebc202ec94562cbea2e4e9
  rack-test (2.2.0) sha256=005a36692c306ac0b4a9350355ee080fd09ddef1148a5f8b2ac636c720f5c463
  rackup (2.3.1) sha256=6c79c26753778e90983761d677a48937ee3192b3ffef6bc963c0950f94688868
  rake (13.3.1) sha256=8c9e89d09f66a26a01264e7e3480ec0607f0c497a861ef16063604b1b08eb19c
  redis (5.4.1) sha256=b5e675b57ad22b15c9bcc765d5ac26f60b675408af916d31527af9bd5a81faae
  redis-client (0.26.3) sha256=37a95ca193b7a79f350c09fe5e696dc15d1701195d559d031a107ab725effc49
  rspec (3.13.2) sha256=206284a08ad798e61f86d7ca3e376718d52c0bc944626b2349266f239f820587
  rspec-core (3.13.6) sha256=a8823c6411667b60a8bca135364351dda34cd55e44ff94c4be4633b37d828b2d
  rspec-expectations (3.13.5) sha256=33a4d3a1d95060aea4c94e9f237030a8f9eae5615e9bd85718fe3a09e4b58836
  rspec-mocks (3.13.7) sha256=0979034e64b1d7a838aaaddf12bf065ea4dc40ef3d4c39f01f93ae2c66c62b1c
  rspec-request_describer (0.8.0) sha256=7ba1d34c7c96693a7486ba053f7ee4c08879b13bfcf6da690f8877e0e060add6
  rspec-support (3.13.6) sha256=2e8de3702427eab064c9352fe74488cc12a1bfae887ad8b91cba480ec9f8afb2
  ruby2_keywords (0.0.5) sha256=ffd13740c573b7301cf7a2e61fc857b2a8e3d3aff32545d6f8300d8bae10e3ef
  sawyer (0.9.3) sha256=0d0f19298408047037638639fe62f4794483fb04320269169bd41af2bdcf5e41
  securerandom (0.4.1) sha256=cc5193d414a4341b6e225f0cb4446aceca8e50d5e1888743fac16987638ea0b1
  sidekiq (8.1.0) sha256=6bde5eaee9e4d7b1121e97ebd585273627fb32b1f870a47893723572479ad1e4
  sidekiq-cron (2.3.1) sha256=96ab3da372289a30dc744c1daa2ae2e85960b2444a6f6ed68df1ff7882c44aac
  sinatra (4.2.1) sha256=b7aeb9b11d046b552972ade834f1f9be98b185fa8444480688e3627625377080
  sinatra-activerecord (2.0.28) sha256=99f352c2dfa244d02b4f877efbe00135360b758390b8bb7bc2d4d91171c93811
  sinatra-contrib (4.2.1) sha256=10d091c944d268aa910c618ea40a3c3ebe0533e6e32990d84af92235a3d26b4a
  sinatra-flash (0.3.0) sha256=fef044da4341840dcddc6f1cc9582c2babc6932aefbf1b00cda66f3bf6f717ee
  snaky_hash (2.0.3) sha256=25a3d299566e8153fb02fa23fd9a9358845950f7a523ddbbe1fa1e0d79a6d456
  thor (1.5.0) sha256=e3a9e55fe857e44859ce104a84675ab6e8cd59c650a49106a05f55f136425e73
  tilt (2.7.0) sha256=0d5b9ba69f6a36490c64b0eee9f6e9aad517e20dcc848800a06eb116f08c6ab3
  timeout (0.6.0) sha256=6d722ad619f96ee383a0c557ec6eb8c4ecb08af3af62098a0be5057bf00de1af
  trilogy (2.10.0) sha256=b58ed5fe568bbcccc1f0423bf654bb2af329c6dabb21453fb7481f76808edc93
  tzinfo (2.0.6) sha256=8daf828cc77bcf7d63b0e3bdb6caa47e2272dcfaf4fbfe46f8c3a9df087a829b
  unicode (0.4.4.5) sha256=42f294bfc8e186d29da89d1f766071505a20a22776168a31bb3408e03fa7a9d7
  uri (1.1.1) sha256=379fa58d27ffb1387eaada68c749d1426738bd0f654d812fcc07e7568f5c57c6
  version_gem (1.1.9) sha256=0c1a0962ae543c84a00889bb018d9f14d8f8af6029d26b295d98774e3d2eb9a4

BUNDLED WITH
  4.0.3
